
Microsoft Visual Studio Solution File, Format Version 12.00
# Visual Studio Version 17
VisualStudioVersion = 17.5.33627.172
MinimumVisualStudioVersion = 10.0.40219.1
Project("{9A19103F-16F7-4668-BE54-9A1E7A4F7556}") = "FirstTesting", "FirstTesting\FirstTesting.csproj", "{284CBBE5-6B43-4DBF-85ED-4C6F65DCA659}"
EndProject
Project("{FAE04EC0-301F-11D3-BF4B-00C04F79EFBC}") = "Academic.Domain.Tests", "Academic.Domain.Tests\Academic.Domain.Tests.csproj", "{50E7A22C-935D-4CCA-88BB-6E6E927E5BFB}"
EndProject
Global
	GlobalSection(SolutionConfigurationPlatforms) = preSolution
		Debug|Any CPU = Debug|Any CPU
		Release|Any CPU = Release|Any CPU
	EndGlobalSection
	GlobalSection(ProjectConfigurationPlatforms) = postSolution
		{284CBBE5-6B43-4DBF-85ED-4C6F65DCA659}.Debug|Any CPU.ActiveCfg = Debug|Any CPU
		{284CBBE5-6B43-4DBF-85ED-4C6F65DCA659}.Debug|Any CPU.Build.0 = Debug|Any CPU
		{284CBBE5-6B43-4DBF-85ED-4C6F65DCA659}.Release|Any CPU.ActiveCfg = Release|Any CPU
		{284CBBE5-6B43-4DBF-85ED-4C6F65DCA659}.Release|Any CPU.Build.0 = Release|Any CPU
		{50E7A22C-935D-4CCA-88BB-6E6E927E5BFB}.Debug|Any CPU.ActiveCfg = Debug|Any CPU
		{50E7A22C-935D-4CCA-88BB-6E6E927E5BFB}.Debug|Any CPU.Build.0 = Debug|Any CPU
		{50E7A22C-935D-4CCA-88BB-6E6E927E5BFB}.Release|Any CPU.ActiveCfg = Release|Any CPU
		{50E7A22C-935D-4CCA-88BB-6E6E927E5BFB}.Release|Any CPU.Build.0 = Release|Any CPU
	EndGlobalSection
	GlobalSection(SolutionProperties) = preSolution
		HideSolutionNode = FALSE
	EndGlobalSection
	GlobalSection(ExtensibilityGlobals) = postSolution
		SolutionGuid = {2977BD51-1EEC-48C8-B7D9-E5A2A0C3225A}
	EndGlobalSection
EndGlobal
